
Microsoft Visual Studio Solution File, Format Version 12.00
# Visual Studio 15
VisualStudioVersion = 15.0.28307.421
MinimumVisualStudioVersion = 10.0.40219.1
Project("{FAE04EC0-301F-11D3-BF4B-00C04F79EFBC}") = "AnagramSecond", "AnagramSecond\AnagramSecond.csproj", "{13D19FB4-6408-48F4-857C-0CCAE75AF2E4}"
EndProject
Project("{FAE04EC0-301F-11D3-BF4B-00C04F79EFBC}") = "AnagramTest", "AnagramTest\AnagramTest.csproj", "{B63F75D8-BF57-4C2C-8BDE-0399EC48E0E5}"
EndProject
Global
	GlobalSection(SolutionConfigurationPlatforms) = preSolution
		Debug|Any CPU = Debug|Any CPU
		Release|Any CPU = Release|Any CPU
	EndGlobalSection
	GlobalSection(ProjectConfigurationPlatforms) = postSolution
		{13D19FB4-6408-48F4-857C-0CCAE75AF2E4}.Debug|Any CPU.ActiveCfg = Debug|Any CPU
		{13D19FB4-6408-48F4-857C-0CCAE75AF2E4}.Debug|Any CPU.Build.0 = Debug|Any CPU
		{13D19FB4-6408-48F4-857C-0CCAE75AF2E4}.Release|Any CPU.ActiveCfg = Release|Any CPU
		{13D19FB4-6408-48F4-857C-0CCAE75AF2E4}.Release|Any CPU.Build.0 = Release|Any CPU
		{B63F75D8-BF57-4C2C-8BDE-0399EC48E0E5}.Debug|Any CPU.ActiveCfg = Debug|Any CPU
		{B63F75D8-BF57-4C2C-8BDE-0399EC48E0E5}.Debug|Any CPU.Build.0 = Debug|Any CPU
		{B63F75D8-BF57-4C2C-8BDE-0399EC48E0E5}.Release|Any CPU.ActiveCfg = Release|Any CPU
		{B63F75D8-BF57-4C2C-8BDE-0399EC48E0E5}.Release|Any CPU.Build.0 = Release|Any CPU
	EndGlobalSection
	GlobalSection(SolutionProperties) = preSolution
		HideSolutionNode = FALSE
	EndGlobalSection
	GlobalSection(ExtensibilityGlobals) = postSolution
		SolutionGuid = {899C7D4F-D96E-41B6-A740-2DC019F3B2BF}
	EndGlobalSection
EndGlobal
